
Microsoft Visual Studio Solution File, Format Version 12.00
# Visual Studio Version 17
VisualStudioVersion = 17.5.33414.496
MinimumVisualStudioVersion = 10.0.40219.1
Project("{FAE04EC0-301F-11D3-BF4B-00C04F79EFBC}") = "ExamTask", "ExamTask\ExamTask.csproj", "{C1D22189-14CC-4582-89F0-D798F054EAD2}"
EndProject
Global
	GlobalSection(SolutionConfigurationPlatforms) = preSolution
		Debug|Any CPU = Debug|Any CPU
		Release|Any CPU = Release|Any CPU
	EndGlobalSection
	GlobalSection(ProjectConfigurationPlatforms) = postSolution
		{C1D22189-14CC-4582-89F0-D798F054EAD2}.Debug|Any CPU.ActiveCfg = Debug|Any CPU
		{C1D22189-14CC-4582-89F0-D798F054EAD2}.Debug|Any CPU.Build.0 = Debug|Any CPU
		{C1D22189-14CC-4582-89F0-D798F054EAD2}.Release|Any CPU.ActiveCfg = Release|Any CPU
		{C1D22189-14CC-4582-89F0-D798F054EAD2}.Release|Any CPU.Build.0 = Release|Any CPU
	EndGlobalSection
	GlobalSection(SolutionProperties) = preSolution
		HideSolutionNode = FALSE
	EndGlobalSection
	GlobalSection(ExtensibilityGlobals) = postSolution
		SolutionGuid = {B3EAC5B4-C316-4CC5-9F9D-A1F9D7AD13C9}
	EndGlobalSection
EndGlobal
